
Microsoft Visual Studio Solution File, Format Version 12.00
# Visual Studio Version 17
VisualStudioVersion = 17.5.2.0
MinimumVisualStudioVersion = 10.0.40219.1
Project("{FAE04EC0-301F-11D3-BF4B-00C04F79EFBC}") = "Andy.CodeAnalyzer.Tests", "tests\Andy.CodeAnalyzer.Tests.csproj", "{DACFB160-5EB0-F7ED-29CF-2CF07247394D}"
EndProject
Project("{FAE04EC0-301F-11D3-BF4B-00C04F79EFBC}") = "Andy.CodeAnalyzer", "src\Andy.CodeAnalyzer.csproj", "{8144662E-12E6-01D3-62EA-847DB54FE3EB}"
EndProject
Project("{2150E333-8FDC-42A3-9474-1A3956D46DE8}") = "examples", "examples", "{B36A84DF-456D-A817-6EDD-3EC3E7F6E11F}"
EndProject
Project("{FAE04EC0-301F-11D3-BF4B-00C04F79EFBC}") = "Examples", "examples\Examples.csproj", "{8C860015-F75B-448D-ACB2-9E815DCAFB1D}"
EndProject
Global
	GlobalSection(SolutionConfigurationPlatforms) = preSolution
		Debug|Any CPU = Debug|Any CPU
		Debug|x64 = Debug|x64
		Debug|x86 = Debug|x86
		Release|Any CPU = Release|Any CPU
		Release|x64 = Release|x64
		Release|x86 = Release|x86
	EndGlobalSection
	GlobalSection(ProjectConfigurationPlatforms) = postSolution
		{DACFB160-5EB0-F7ED-29CF-2CF07247394D}.Debug|Any CPU.ActiveCfg = Debug|Any CPU
		{DACFB160-5EB0-F7ED-29CF-2CF07247394D}.Debug|Any CPU.Build.0 = Debug|Any CPU
		{DACFB160-5EB0-F7ED-29CF-2CF07247394D}.Debug|x64.ActiveCfg = Debug|Any CPU
		{DACFB160-5EB0-F7ED-29CF-2CF07247394D}.Debug|x64.Build.0 = Debug|Any CPU
		{DACFB160-5EB0-F7ED-29CF-2CF07247394D}.Debug|x86.ActiveCfg = Debug|Any CPU
		{DACFB160-5EB0-F7ED-29CF-2CF07247394D}.Debug|x86.Build.0 = Debug|Any CPU
		{DACFB160-5EB0-F7ED-29CF-2CF07247394D}.Release|Any CPU.ActiveCfg = Release|Any CPU
		{DACFB160-5EB0-F7ED-29CF-2CF07247394D}.Release|Any CPU.Build.0 = Release|Any CPU
		{DACFB160-5EB0-F7ED-29CF-2CF07247394D}.Release|x64.ActiveCfg = Release|Any CPU
		{DACFB160-5EB0-F7ED-29CF-2CF07247394D}.Release|x64.Build.0 = Release|Any CPU
		{DACFB160-5EB0-F7ED-29CF-2CF07247394D}.Release|x86.ActiveCfg = Release|Any CPU
		{DACFB160-5EB0-F7ED-29CF-2CF07247394D}.Release|x86.Build.0 = Release|Any CPU
		{8144662E-12E6-01D3-62EA-847DB54FE3EB}.Debug|Any CPU.ActiveCfg = Debug|Any CPU
		{8144662E-12E6-01D3-62EA-847DB54FE3EB}.Debug|Any CPU.Build.0 = Debug|Any CPU
		{8144662E-12E6-01D3-62EA-847DB54FE3EB}.Debug|x64.ActiveCfg = Debug|Any CPU
		{8144662E-12E6-01D3-62EA-847DB54FE3EB}.Debug|x64.Build.0 = Debug|Any CPU
		{8144662E-12E6-01D3-62EA-847DB54FE3EB}.Debug|x86.ActiveCfg = Debug|Any CPU
		{8144662E-12E6-01D3-62EA-847DB54FE3EB}.Debug|x86.Build.0 = Debug|Any CPU
		{8144662E-12E6-01D3-62EA-847DB54FE3EB}.Release|Any CPU.ActiveCfg = Release|Any CPU
		{8144662E-12E6-01D3-62EA-847DB54FE3EB}.Release|Any CPU.Build.0 = Release|Any CPU
		{8144662E-12E6-01D3-62EA-847DB54FE3EB}.Release|x64.ActiveCfg = Release|Any CPU
		{8144662E-12E6-01D3-62EA-847DB54FE3EB}.Release|x64.Build.0 = Release|Any CPU
		{8144662E-12E6-01D3-62EA-847DB54FE3EB}.Release|x86.ActiveCfg = Release|Any CPU
		{8144662E-12E6-01D3-62EA-847DB54FE3EB}.Release|x86.Build.0 = Release|Any CPU
		{8C860015-F75B-448D-ACB2-9E815DCAFB1D}.Debug|Any CPU.ActiveCfg = Debug|Any CPU
		{8C860015-F75B-448D-ACB2-9E815DCAFB1D}.Debug|Any CPU.Build.0 = Debug|Any CPU
		{8C860015-F75B-448D-ACB2-9E815DCAFB1D}.Debug|x64.ActiveCfg = Debug|Any CPU
		{8C860015-F75B-448D-ACB2-9E815DCAFB1D}.Debug|x64.Build.0 = Debug|Any CPU
		{8C860015-F75B-448D-ACB2-9E815DCAFB1D}.Debug|x86.ActiveCfg = Debug|Any CPU
		{8C860015-F75B-448D-ACB2-9E815DCAFB1D}.Debug|x86.Build.0 = Debug|Any CPU
		{8C860015-F75B-448D-ACB2-9E815DCAFB1D}.Release|Any CPU.ActiveCfg = Release|Any CPU
		{8C860015-F75B-448D-ACB2-9E815DCAFB1D}.Release|Any CPU.Build.0 = Release|Any CPU
		{8C860015-F75B-448D-ACB2-9E815DCAFB1D}.Release|x64.ActiveCfg = Release|Any CPU
		{8C860015-F75B-448D-ACB2-9E815DCAFB1D}.Release|x64.Build.0 = Release|Any CPU
		{8C860015-F75B-448D-ACB2-9E815DCAFB1D}.Release|x86.ActiveCfg = Release|Any CPU
		{8C860015-F75B-448D-ACB2-9E815DCAFB1D}.Release|x86.Build.0 = Release|Any CPU
	EndGlobalSection
	GlobalSection(SolutionProperties) = preSolution
		HideSolutionNode = FALSE
	EndGlobalSection
	GlobalSection(NestedProjects) = preSolution
		{8C860015-F75B-448D-ACB2-9E815DCAFB1D} = {B36A84DF-456D-A817-6EDD-3EC3E7F6E11F}
	EndGlobalSection
	GlobalSection(ExtensibilityGlobals) = postSolution
		SolutionGuid = {2D4A170F-3AEA-4836-B2E8-8DFC10EC10D0}
	EndGlobalSection
EndGlobal
